
Microsoft Visual Studio Solution File, Format Version 12.00
# Visual Studio Version 16
VisualStudioVersion = 16.0.29519.87
MinimumVisualStudioVersion = 10.0.40219.1
Project("{FAE04EC0-301F-11D3-BF4B-00C04F79EFBC}") = "SportsStore", "SportsStore\SportsStore.csproj", "{1A22DAA2-A9BD-4568-B734-BBC7ABD71786}"
EndProject
Project("{FAE04EC0-301F-11D3-BF4B-00C04F79EFBC}") = "SportsStore.Tests", "SportsStore.Tests\SportsStore.Tests.csproj", "{12D464F2-08CF-4798-B1B8-23A85A6576BB}"
EndProject
Global
	GlobalSection(SolutionConfigurationPlatforms) = preSolution
		Debug|Any CPU = Debug|Any CPU
		Release|Any CPU = Release|Any CPU
	EndGlobalSection
	GlobalSection(ProjectConfigurationPlatforms) = postSolution
		{1A22DAA2-A9BD-4568-B734-BBC7ABD71786}.Debug|Any CPU.ActiveCfg = Debug|Any CPU
		{1A22DAA2-A9BD-4568-B734-BBC7ABD71786}.Debug|Any CPU.Build.0 = Debug|Any CPU
		{1A22DAA2-A9BD-4568-B734-BBC7ABD71786}.Release|Any CPU.ActiveCfg = Release|Any CPU
		{1A22DAA2-A9BD-4568-B734-BBC7ABD71786}.Release|Any CPU.Build.0 = Release|Any CPU
		{12D464F2-08CF-4798-B1B8-23A85A6576BB}.Debug|Any CPU.ActiveCfg = Debug|Any CPU
		{12D464F2-08CF-4798-B1B8-23A85A6576BB}.Debug|Any CPU.Build.0 = Debug|Any CPU
		{12D464F2-08CF-4798-B1B8-23A85A6576BB}.Release|Any CPU.ActiveCfg = Release|Any CPU
		{12D464F2-08CF-4798-B1B8-23A85A6576BB}.Release|Any CPU.Build.0 = Release|Any CPU
	EndGlobalSection
	GlobalSection(SolutionProperties) = preSolution
		HideSolutionNode = FALSE
	EndGlobalSection
	GlobalSection(ExtensibilityGlobals) = postSolution
		SolutionGuid = {B346125E-2FBE-4B70-A1F6-EDA124AC20C4}
	EndGlobalSection
EndGlobal
